
Microsoft Visual Studio Solution File, Format Version 12.00
# Visual Studio Version 17
VisualStudioVersion = 17.5.002.0
MinimumVisualStudioVersion = 10.0.40219.1
Project("{9A19103F-16F7-4668-BE54-9A1E7A4F7556}") = "DesafioFundamentos", "DesafioFundamentos.csproj", "{703A21DD-9ACF-49BC-B582-2CD58069C5DD}"
EndProject
Global
	GlobalSection(SolutionConfigurationPlatforms) = preSolution
		Debug|Any CPU = Debug|Any CPU
		Release|Any CPU = Release|Any CPU
	EndGlobalSection
	GlobalSection(ProjectConfigurationPlatforms) = postSolution
		{703A21DD-9ACF-49BC-B582-2CD58069C5DD}.Debug|Any CPU.ActiveCfg = Debug|Any CPU
		{703A21DD-9ACF-49BC-B582-2CD58069C5DD}.Debug|Any CPU.Build.0 = Debug|Any CPU
		{703A21DD-9ACF-49BC-B582-2CD58069C5DD}.Release|Any CPU.ActiveCfg = Release|Any CPU
		{703A21DD-9ACF-49BC-B582-2CD58069C5DD}.Release|Any CPU.Build.0 = Release|Any CPU
	EndGlobalSection
	GlobalSection(SolutionProperties) = preSolution
		HideSolutionNode = FALSE
	EndGlobalSection
	GlobalSection(ExtensibilityGlobals) = postSolution
		SolutionGuid = {F1C45ACF-06CF-451E-91D5-06BEEB81CEE3}
	EndGlobalSection
EndGlobal
